
Microsoft Visual Studio Solution File, Format Version 12.00
# Visual Studio Version 17
VisualStudioVersion = 17.11.35222.181
MinimumVisualStudioVersion = 10.0.40219.1
Project("{FAE04EC0-301F-11D3-BF4B-00C04F79EFBC}") = "NT_Movie_2025", "NT_Movie_2025.csproj", "{9C845790-4E77-4B4B-A121-BE3D7F37C551}"
EndProject
Global
	GlobalSection(SolutionConfigurationPlatforms) = preSolution
		Debug|Any CPU = Debug|Any CPU
		Release|Any CPU = Release|Any CPU
	EndGlobalSection
	GlobalSection(ProjectConfigurationPlatforms) = postSolution
		{9C845790-4E77-4B4B-A121-BE3D7F37C551}.Debug|Any CPU.ActiveCfg = Debug|Any CPU
		{9C845790-4E77-4B4B-A121-BE3D7F37C551}.Debug|Any CPU.Build.0 = Debug|Any CPU
		{9C845790-4E77-4B4B-A121-BE3D7F37C551}.Release|Any CPU.ActiveCfg = Release|Any CPU
		{9C845790-4E77-4B4B-A121-BE3D7F37C551}.Release|Any CPU.Build.0 = Release|Any CPU
	EndGlobalSection
	GlobalSection(SolutionProperties) = preSolution
		HideSolutionNode = FALSE
	EndGlobalSection
	GlobalSection(ExtensibilityGlobals) = postSolution
		SolutionGuid = {9886AEC5-6EB4-4B59-862E-DEB183233111}
	EndGlobalSection
EndGlobal
